{
  "requires": true,
  "lockfileVersion": 1,
  "dependencies": {
    "@assemblyscript/loader": {
      "version": "0.9.1",
      "resolved": "https://registry.npmjs.org/@assemblyscript/loader/-/loader-0.9.1.tgz",
      "integrity": "sha512-AVGVoLcHSqkmYmrYRxaS2QvbeT0oyDpfZ1wKJzdIwS3xOxPVDWvGJyxExgnj0jN8h4ylJQKTA6HgDbRW0fXfNA=="
    },
    "@solo-io/proxy-runtime": {
      "version": "0.1.1",
      "resolved": "https://registry.npmjs.org/@solo-io/proxy-runtime/-/proxy-runtime-0.1.1.tgz",
      "integrity": "sha512-b5JZtmz3DVaCXFvPWLo371ddbsQ+jXnxIgZPq7I51XGTLirp4JWb+ea7YLpERCSCjyXf+CMFITZplJ/GdXoPJg=="
    },
    "assemblyscript": {
      "version": "0.9.1",
      "resolved": "https://registry.npmjs.org/assemblyscript/-/assemblyscript-0.9.1.tgz",
      "integrity": "sha512-aM72Ey+CQloWmqTDLnlXD2Tb3sVoLU5i3tShaJWHlnLFWiyWWLZBQTue6jwyzqF8t9JNiEyC9eqkuagNtgSDjw==",
      "dev": true,
      "requires": {
        "binaryen": "90.0.0-nightly.20200128",
        "long": "^4.0.0"
      }
    },
    "binaryen": {
      "version": "90.0.0-nightly.20200128",
      "resolved": "https://registry.npmjs.org/binaryen/-/binaryen-90.0.0-nightly.20200128.tgz",
      "integrity": "sha512-f64O/OpAtS39zcocpqjMtskUgAkUAv2fBlY9/hu2Ly4m0Xd/waaTrPRLSaAsEDzFcn+MebOdCN8ASjej1jc0uA==",
      "dev": true
    },
    "long": {
      "version": "4.0.0",
      "resolved": "https://registry.npmjs.org/long/-/long-4.0.0.tgz",
      "integrity": "sha512-XsP+KhQif4bjX1kbuSiySJFNAehNxgLb6hPRGJ9QsUr8ajHkuXGdrHmFUTUUXhDwVX2R5bY4JNZEwbUiMhV+MA==",
      "dev": true
    }
  }
}
